
Microsoft Visual Studio Solution File, Format Version 12.00
# Visual Studio 15
VisualStudioVersion = 15.0.27703.2035
MinimumVisualStudioVersion = 10.0.40219.1
Project("{FAE04EC0-301F-11D3-BF4B-00C04F79EFBC}") = "BaiTap01.Android", "BaiTap01\BaiTap01.Android\BaiTap01.Android.csproj", "{3913819E-2D34-4DC0-AE2B-54151406A21E}"
EndProject
Project("{FAE04EC0-301F-11D3-BF4B-00C04F79EFBC}") = "BaiTap01.iOS", "BaiTap01\BaiTap01.iOS\BaiTap01.iOS.csproj", "{25E742B1-267C-4885-B871-12F751501358}"
EndProject
Project("{FAE04EC0-301F-11D3-BF4B-00C04F79EFBC}") = "BaiTap01", "BaiTap01\BaiTap01\BaiTap01.csproj", "{EBBC4AD5-BD18-4998-8A3A-135E1C019001}"
EndProject
Global
	GlobalSection(SolutionConfigurationPlatforms) = preSolution
		Ad-Hoc|Any CPU = Ad-Hoc|Any CPU
		Ad-Hoc|iPhone = Ad-Hoc|iPhone
		Ad-Hoc|iPhoneSimulator = Ad-Hoc|iPhoneSimulator
		AppStore|Any CPU = AppStore|Any CPU
		AppStore|iPhone = AppStore|iPhone
		AppStore|iPhoneSimulator = AppStore|iPhoneSimulator
		Debug|Any CPU = Debug|Any CPU
		Debug|iPhone = Debug|iPhone
		Debug|iPhoneSimulator = Debug|iPhoneSimulator
		Release|Any CPU = Release|Any CPU
		Release|iPhone = Release|iPhone
		Release|iPhoneSimulator = Release|iPhoneSimulator
	EndGlobalSection
	GlobalSection(ProjectConfigurationPlatforms) = postSolution
		{3913819E-2D34-4DC0-AE2B-54151406A21E}.Ad-Hoc|Any CPU.ActiveCfg = Release|Any CPU
		{3913819E-2D34-4DC0-AE2B-54151406A21E}.Ad-Hoc|Any CPU.Build.0 = Release|Any CPU
		{3913819E-2D34-4DC0-AE2B-54151406A21E}.Ad-Hoc|Any CPU.Deploy.0 = Release|Any CPU
		{3913819E-2D34-4DC0-AE2B-54151406A21E}.Ad-Hoc|iPhone.ActiveCfg = Release|Any CPU
		{3913819E-2D34-4DC0-AE2B-54151406A21E}.Ad-Hoc|iPhone.Build.0 = Release|Any CPU
		{3913819E-2D34-4DC0-AE2B-54151406A21E}.Ad-Hoc|iPhone.Deploy.0 = Release|Any CPU
		{3913819E-2D34-4DC0-AE2B-54151406A21E}.Ad-Hoc|iPhoneSimulator.ActiveCfg = Release|Any CPU
		{3913819E-2D34-4DC0-AE2B-54151406A21E}.Ad-Hoc|iPhoneSimulator.Build.0 = Release|Any CPU
		{3913819E-2D34-4DC0-AE2B-54151406A21E}.Ad-Hoc|iPhoneSimulator.Deploy.0 = Release|Any CPU
		{3913819E-2D34-4DC0-AE2B-54151406A21E}.AppStore|Any CPU.ActiveCfg = Release|Any CPU
		{3913819E-2D34-4DC0-AE2B-54151406A21E}.AppStore|Any CPU.Build.0 = Release|Any CPU
		{3913819E-2D34-4DC0-AE2B-54151406A21E}.AppStore|Any CPU.Deploy.0 = Release|Any CPU
		{3913819E-2D34-4DC0-AE2B-54151406A21E}.AppStore|iPhone.ActiveCfg = Release|Any CPU
		{3913819E-2D34-4DC0-AE2B-54151406A21E}.AppStore|iPhone.Build.0 = Release|Any CPU
		{3913819E-2D34-4DC0-AE2B-54151406A21E}.AppStore|iPhone.Deploy.0 = Release|Any CPU
		{3913819E-2D34-4DC0-AE2B-54151406A21E}.AppStore|iPhoneSimulator.ActiveCfg = Release|Any CPU
		{3913819E-2D34-4DC0-AE2B-54151406A21E}.AppStore|iPhoneSimulator.Build.0 = Release|Any CPU
		{3913819E-2D34-4DC0-AE2B-54151406A21E}.AppStore|iPhoneSimulator.Deploy.0 = Release|Any CPU
		{3913819E-2D34-4DC0-AE2B-54151406A21E}.Debug|Any CPU.ActiveCfg = Debug|Any CPU
		{3913819E-2D34-4DC0-AE2B-54151406A21E}.Debug|Any CPU.Build.0 = Debug|Any CPU
		{3913819E-2D34-4DC0-AE2B-54151406A21E}.Debug|Any CPU.Deploy.0 = Debug|Any CPU
		{3913819E-2D34-4DC0-AE2B-54151406A21E}.Debug|iPhone.ActiveCfg = Debug|Any CPU
		{3913819E-2D34-4DC0-AE2B-54151406A21E}.Debug|iPhone.Build.0 = Debug|Any CPU
		{3913819E-2D34-4DC0-AE2B-54151406A21E}.Debug|iPhone.Deploy.0 = Debug|Any CPU
		{3913819E-2D34-4DC0-AE2B-54151406A21E}.Debug|iPhoneSimulator.ActiveCfg = Debug|Any CPU
		{3913819E-2D34-4DC0-AE2B-54151406A21E}.Debug|iPhoneSimulator.Build.0 = Debug|Any CPU
		{3913819E-2D34-4DC0-AE2B-54151406A21E}.Debug|iPhoneSimulator.Deploy.0 = Debug|Any CPU
		{3913819E-2D34-4DC0-AE2B-54151406A21E}.Release|Any CPU.ActiveCfg = Release|Any CPU
		{3913819E-2D34-4DC0-AE2B-54151406A21E}.Release|Any CPU.Build.0 = Release|Any CPU
		{3913819E-2D34-4DC0-AE2B-54151406A21E}.Release|Any CPU.Deploy.0 = Release|Any CPU
		{3913819E-2D34-4DC0-AE2B-54151406A21E}.Release|iPhone.ActiveCfg = Release|Any CPU
		{3913819E-2D34-4DC0-AE2B-54151406A21E}.Release|iPhone.Build.0 = Release|Any CPU
		{3913819E-2D34-4DC0-AE2B-54151406A21E}.Release|iPhone.Deploy.0 = Release|Any CPU
		{3913819E-2D34-4DC0-AE2B-54151406A21E}.Release|iPhoneSimulator.ActiveCfg = Release|Any CPU
		{3913819E-2D34-4DC0-AE2B-54151406A21E}.Release|iPhoneSimulator.Build.0 = Release|Any CPU
		{3913819E-2D34-4DC0-AE2B-54151406A21E}.Release|iPhoneSimulator.Deploy.0 = Release|Any CPU
		{25E742B1-267C-4885-B871-12F751501358}.Ad-Hoc|Any CPU.ActiveCfg = Ad-Hoc|iPhone
		{25E742B1-267C-4885-B871-12F751501358}.Ad-Hoc|Any CPU.Build.0 = Ad-Hoc|iPhone
		{25E742B1-267C-4885-B871-12F751501358}.Ad-Hoc|Any CPU.Deploy.0 = Ad-Hoc|iPhone
		{25E742B1-267C-4885-B871-12F751501358}.Ad-Hoc|iPhone.ActiveCfg = Ad-Hoc|iPhone
		{25E742B1-267C-4885-B871-12F751501358}.Ad-Hoc|iPhone.Build.0 = Ad-Hoc|iPhone
		{25E742B1-267C-4885-B871-12F751501358}.Ad-Hoc|iPhone.Deploy.0 = Ad-Hoc|iPhone
		{25E742B1-267C-4885-B871-12F751501358}.Ad-Hoc|iPhoneSimulator.ActiveCfg = Ad-Hoc|iPhoneSimulator
		{25E742B1-267C-4885-B871-12F751501358}.Ad-Hoc|iPhoneSimulator.Build.0 = Ad-Hoc|iPhoneSimulator
		{25E742B1-267C-4885-B871-12F751501358}.Ad-Hoc|iPhoneSimulator.Deploy.0 = Ad-Hoc|iPhoneSimulator
		{25E742B1-267C-4885-B871-12F751501358}.AppStore|Any CPU.ActiveCfg = AppStore|iPhone
		{25E742B1-267C-4885-B871-12F751501358}.AppStore|Any CPU.Build.0 = AppStore|iPhone
		{25E742B1-267C-4885-B871-12F751501358}.AppStore|Any CPU.Deploy.0 = AppStore|iPhone
		{25E742B1-267C-4885-B871-12F751501358}.AppStore|iPhone.ActiveCfg = AppStore|iPhone
		{25E742B1-267C-4885-B871-12F751501358}.AppStore|iPhone.Build.0 = AppStore|iPhone
		{25E742B1-267C-4885-B871-12F751501358}.AppStore|iPhone.Deploy.0 = AppStore|iPhone
		{25E742B1-267C-4885-B871-12F751501358}.AppStore|iPhoneSimulator.ActiveCfg = AppStore|iPhoneSimulator
		{25E742B1-267C-4885-B871-12F751501358}.AppStore|iPhoneSimulator.Build.0 = AppStore|iPhoneSimulator
		{25E742B1-267C-4885-B871-12F751501358}.AppStore|iPhoneSimulator.Deploy.0 = AppStore|iPhoneSimulator
		{25E742B1-267C-4885-B871-12F751501358}.Debug|Any CPU.ActiveCfg = Debug|iPhoneSimulator
		{25E742B1-267C-4885-B871-12F751501358}.Debug|Any CPU.Build.0 = Debug|iPhoneSimulator
		{25E742B1-267C-4885-B871-12F751501358}.Debug|Any CPU.Deploy.0 = Debug|iPhoneSimulator
		{25E742B1-267C-4885-B871-12F751501358}.Debug|iPhone.ActiveCfg = Debug|iPhone
		{25E742B1-267C-4885-B871-12F751501358}.Debug|iPhone.Build.0 = Debug|iPhone
		{25E742B1-267C-4885-B871-12F751501358}.Debug|iPhone.Deploy.0 = Debug|iPhone
		{25E742B1-267C-4885-B871-12F751501358}.Debug|iPhoneSimulator.ActiveCfg = Debug|iPhoneSimulator
		{25E742B1-267C-4885-B871-12F751501358}.Debug|iPhoneSimulator.Build.0 = Debug|iPhoneSimulator
		{25E742B1-267C-4885-B871-12F751501358}.Debug|iPhoneSimulator.Deploy.0 = Debug|iPhoneSimulator
		{25E742B1-267C-4885-B871-12F751501358}.Release|Any CPU.ActiveCfg = Release|iPhone
		{25E742B1-267C-4885-B871-12F751501358}.Release|Any CPU.Build.0 = Release|iPhone
		{25E742B1-267C-4885-B871-12F751501358}.Release|Any CPU.Deploy.0 = Release|iPhone
		{25E742B1-267C-4885-B871-12F751501358}.Release|iPhone.ActiveCfg = Release|iPhone
		{25E742B1-267C-4885-B871-12F751501358}.Release|iPhone.Build.0 = Release|iPhone
		{25E742B1-267C-4885-B871-12F751501358}.Release|iPhone.Deploy.0 = Release|iPhone
		{25E742B1-267C-4885-B871-12F751501358}.Release|iPhoneSimulator.ActiveCfg = Release|iPhoneSimulator
		{25E742B1-267C-4885-B871-12F751501358}.Release|iPhoneSimulator.Build.0 = Release|iPhoneSimulator
		{25E742B1-267C-4885-B871-12F751501358}.Release|iPhoneSimulator.Deploy.0 = Release|iPhoneSimulator
		{EBBC4AD5-BD18-4998-8A3A-135E1C019001}.Ad-Hoc|Any CPU.ActiveCfg = Debug|Any CPU
		{EBBC4AD5-BD18-4998-8A3A-135E1C019001}.Ad-Hoc|Any CPU.Build.0 = Debug|Any CPU
		{EBBC4AD5-BD18-4998-8A3A-135E1C019001}.Ad-Hoc|Any CPU.Deploy.0 = Debug|Any CPU
		{EBBC4AD5-BD18-4998-8A3A-135E1C019001}.Ad-Hoc|iPhone.ActiveCfg = Debug|Any CPU
		{EBBC4AD5-BD18-4998-8A3A-135E1C019001}.Ad-Hoc|iPhone.Build.0 = Debug|Any CPU
		{EBBC4AD5-BD18-4998-8A3A-135E1C019001}.Ad-Hoc|iPhone.Deploy.0 = Debug|Any CPU
		{EBBC4AD5-BD18-4998-8A3A-135E1C019001}.Ad-Hoc|iPhoneSimulator.ActiveCfg = Debug|Any CPU
		{EBBC4AD5-BD18-4998-8A3A-135E1C019001}.Ad-Hoc|iPhoneSimulator.Build.0 = Debug|Any CPU
		{EBBC4AD5-BD18-4998-8A3A-135E1C019001}.Ad-Hoc|iPhoneSimulator.Deploy.0 = Debug|Any CPU
		{EBBC4AD5-BD18-4998-8A3A-135E1C019001}.AppStore|Any CPU.ActiveCfg = Debug|Any CPU
		{EBBC4AD5-BD18-4998-8A3A-135E1C019001}.AppStore|Any CPU.Build.0 = Debug|Any CPU
		{EBBC4AD5-BD18-4998-8A3A-135E1C019001}.AppStore|Any CPU.Deploy.0 = Debug|Any CPU
		{EBBC4AD5-BD18-4998-8A3A-135E1C019001}.AppStore|iPhone.ActiveCfg = Debug|Any CPU
		{EBBC4AD5-BD18-4998-8A3A-135E1C019001}.AppStore|iPhone.Build.0 = Debug|Any CPU
		{EBBC4AD5-BD18-4998-8A3A-135E1C019001}.AppStore|iPhone.Deploy.0 = Debug|Any CPU
		{EBBC4AD5-BD18-4998-8A3A-135E1C019001}.AppStore|iPhoneSimulator.ActiveCfg = Debug|Any CPU
		{EBBC4AD5-BD18-4998-8A3A-135E1C019001}.AppStore|iPhoneSimulator.Build.0 = Debug|Any CPU
		{EBBC4AD5-BD18-4998-8A3A-135E1C019001}.AppStore|iPhoneSimulator.Deploy.0 = Debug|Any CPU
		{EBBC4AD5-BD18-4998-8A3A-135E1C019001}.Debug|Any CPU.ActiveCfg = Debug|Any CPU
		{EBBC4AD5-BD18-4998-8A3A-135E1C019001}.Debug|Any CPU.Build.0 = Debug|Any CPU
		{EBBC4AD5-BD18-4998-8A3A-135E1C019001}.Debug|Any CPU.Deploy.0 = Debug|Any CPU
		{EBBC4AD5-BD18-4998-8A3A-135E1C019001}.Debug|iPhone.ActiveCfg = Debug|Any CPU
		{EBBC4AD5-BD18-4998-8A3A-135E1C019001}.Debug|iPhone.Build.0 = Debug|Any CPU
		{EBBC4AD5-BD18-4998-8A3A-135E1C019001}.Debug|iPhone.Deploy.0 = Debug|Any CPU
		{EBBC4AD5-BD18-4998-8A3A-135E1C019001}.Debug|iPhoneSimulator.ActiveCfg = Debug|Any CPU
		{EBBC4AD5-BD18-4998-8A3A-135E1C019001}.Debug|iPhoneSimulator.Build.0 = Debug|Any CPU
		{EBBC4AD5-BD18-4998-8A3A-135E1C019001}.Debug|iPhoneSimulator.Deploy.0 = Debug|Any CPU
		{EBBC4AD5-BD18-4998-8A3A-135E1C019001}.Release|Any CPU.ActiveCfg = Release|Any CPU
		{EBBC4AD5-BD18-4998-8A3A-135E1C019001}.Release|Any CPU.Build.0 = Release|Any CPU
		{EBBC4AD5-BD18-4998-8A3A-135E1C019001}.Release|Any CPU.Deploy.0 = Release|Any CPU
		{EBBC4AD5-BD18-4998-8A3A-135E1C019001}.Release|iPhone.ActiveCfg = Release|Any CPU
		{EBBC4AD5-BD18-4998-8A3A-135E1C019001}.Release|iPhone.Build.0 = Release|Any CPU
		{EBBC4AD5-BD18-4998-8A3A-135E1C019001}.Release|iPhone.Deploy.0 = Release|Any CPU
		{EBBC4AD5-BD18-4998-8A3A-135E1C019001}.Release|iPhoneSimulator.ActiveCfg = Release|Any CPU
		{EBBC4AD5-BD18-4998-8A3A-135E1C019001}.Release|iPhoneSimulator.Build.0 = Release|Any CPU
		{EBBC4AD5-BD18-4998-8A3A-135E1C019001}.Release|iPhoneSimulator.Deploy.0 = Release|Any CPU
	EndGlobalSection
	GlobalSection(SolutionProperties) = preSolution
		HideSolutionNode = FALSE
	EndGlobalSection
	GlobalSection(ExtensibilityGlobals) = postSolution
		SolutionGuid = {26FC04CC-DC9D-4F69-92D1-867C3DEE64BA}
	EndGlobalSection
EndGlobal
